
Microsoft Visual Studio Solution File, Format Version 12.00
# Visual Studio 14
VisualStudioVersion = 14.0.25420.1
MinimumVisualStudioVersion = 10.0.40219.1
Project("{FAE04EC0-301F-11D3-BF4B-00C04F79EFBC}") = "Fryebooks", "Fryebooks\Fryebooks.csproj", "{75C54FED-9FC1-4DBD-AC3E-ED585619F6C8}"
EndProject
Project("{FAE04EC0-301F-11D3-BF4B-00C04F79EFBC}") = "Fryebooks.Tests", "Fryebooks.Tests\Fryebooks.Tests.csproj", "{2874191B-22DD-4DAD-A73F-EB902EB3EB00}"
EndProject
Global
	GlobalSection(SolutionConfigurationPlatforms) = preSolution
		Debug|Any CPU = Debug|Any CPU
		Release|Any CPU = Release|Any CPU
	EndGlobalSection
	GlobalSection(ProjectConfigurationPlatforms) = postSolution
		{75C54FED-9FC1-4DBD-AC3E-ED585619F6C8}.Debug|Any CPU.ActiveCfg = Debug|Any CPU
		{75C54FED-9FC1-4DBD-AC3E-ED585619F6C8}.Debug|Any CPU.Build.0 = Debug|Any CPU
		{75C54FED-9FC1-4DBD-AC3E-ED585619F6C8}.Release|Any CPU.ActiveCfg = Release|Any CPU
		{75C54FED-9FC1-4DBD-AC3E-ED585619F6C8}.Release|Any CPU.Build.0 = Release|Any CPU
		{2874191B-22DD-4DAD-A73F-EB902EB3EB00}.Debug|Any CPU.ActiveCfg = Debug|Any CPU
		{2874191B-22DD-4DAD-A73F-EB902EB3EB00}.Debug|Any CPU.Build.0 = Debug|Any CPU
		{2874191B-22DD-4DAD-A73F-EB902EB3EB00}.Release|Any CPU.ActiveCfg = Release|Any CPU
		{2874191B-22DD-4DAD-A73F-EB902EB3EB00}.Release|Any CPU.Build.0 = Release|Any CPU
	EndGlobalSection
	GlobalSection(SolutionProperties) = preSolution
		HideSolutionNode = FALSE
	EndGlobalSection
EndGlobal
